
Microsoft Visual Studio Solution File, Format Version 12.00
# Visual Studio Version 17
VisualStudioVersion = 17.2.32630.192
MinimumVisualStudioVersion = 10.0.40219.1
Project("{8BC9CEB8-8B4A-11D0-8D11-00A0C91BC942}") = "pdqciflib", "pdqciflib.vcxproj", "{B1C07906-062F-4C2E-8CDD-E7458A1AFDA3}"
EndProject
Project("{8BC9CEB8-8B4A-11D0-8D11-00A0C91BC942}") = "tests", "tests\tests.vcxproj", "{CA0431E4-C674-4202-8C43-633BC1EEB4BC}"
EndProject
Global
	GlobalSection(SolutionConfigurationPlatforms) = preSolution
		Debug|x64 = Debug|x64
		Debug|x86 = Debug|x86
		Release|x64 = Release|x64
		Release|x86 = Release|x86
	EndGlobalSection
	GlobalSection(ProjectConfigurationPlatforms) = postSolution
		{B1C07906-062F-4C2E-8CDD-E7458A1AFDA3}.Debug|x64.ActiveCfg = Debug|x64
		{B1C07906-062F-4C2E-8CDD-E7458A1AFDA3}.Debug|x64.Build.0 = Debug|x64
		{B1C07906-062F-4C2E-8CDD-E7458A1AFDA3}.Debug|x86.ActiveCfg = Debug|Win32
		{B1C07906-062F-4C2E-8CDD-E7458A1AFDA3}.Debug|x86.Build.0 = Debug|Win32
		{B1C07906-062F-4C2E-8CDD-E7458A1AFDA3}.Release|x64.ActiveCfg = Release|x64
		{B1C07906-062F-4C2E-8CDD-E7458A1AFDA3}.Release|x64.Build.0 = Release|x64
		{B1C07906-062F-4C2E-8CDD-E7458A1AFDA3}.Release|x86.ActiveCfg = Release|Win32
		{B1C07906-062F-4C2E-8CDD-E7458A1AFDA3}.Release|x86.Build.0 = Release|Win32
		{CA0431E4-C674-4202-8C43-633BC1EEB4BC}.Debug|x64.ActiveCfg = Debug|x64
		{CA0431E4-C674-4202-8C43-633BC1EEB4BC}.Debug|x64.Build.0 = Debug|x64
		{CA0431E4-C674-4202-8C43-633BC1EEB4BC}.Debug|x86.ActiveCfg = Debug|Win32
		{CA0431E4-C674-4202-8C43-633BC1EEB4BC}.Debug|x86.Build.0 = Debug|Win32
		{CA0431E4-C674-4202-8C43-633BC1EEB4BC}.Release|x64.ActiveCfg = Release|x64
		{CA0431E4-C674-4202-8C43-633BC1EEB4BC}.Release|x64.Build.0 = Release|x64
		{CA0431E4-C674-4202-8C43-633BC1EEB4BC}.Release|x86.ActiveCfg = Release|Win32
		{CA0431E4-C674-4202-8C43-633BC1EEB4BC}.Release|x86.Build.0 = Release|Win32
	EndGlobalSection
	GlobalSection(SolutionProperties) = preSolution
		HideSolutionNode = FALSE
	EndGlobalSection
	GlobalSection(ExtensibilityGlobals) = postSolution
		SolutionGuid = {D67E7A54-7629-4D33-8A99-853D157FA2F0}
	EndGlobalSection
EndGlobal
